
Microsoft Visual Studio Solution File, Format Version 12.00
# Visual Studio Version 17
VisualStudioVersion = 17.8.34112.27
MinimumVisualStudioVersion = 10.0.40219.1
Project("{FAE04EC0-301F-11D3-BF4B-00C04F79EFBC}") = "AIWebPageSummarizer", "AIWebPageSummarizer.csproj", "{795D5784-47B6-4E65-8749-5BE7BE48F925}"
EndProject
Global
	GlobalSection(SolutionConfigurationPlatforms) = preSolution
		Debug|Any CPU = Debug|Any CPU
		Release|Any CPU = Release|Any CPU
	EndGlobalSection
	GlobalSection(ProjectConfigurationPlatforms) = postSolution
		{795D5784-47B6-4E65-8749-5BE7BE48F925}.Debug|Any CPU.ActiveCfg = Debug|Any CPU
		{795D5784-47B6-4E65-8749-5BE7BE48F925}.Debug|Any CPU.Build.0 = Debug|Any CPU
		{795D5784-47B6-4E65-8749-5BE7BE48F925}.Release|Any CPU.ActiveCfg = Release|Any CPU
		{795D5784-47B6-4E65-8749-5BE7BE48F925}.Release|Any CPU.Build.0 = Release|Any CPU
	EndGlobalSection
	GlobalSection(SolutionProperties) = preSolution
		HideSolutionNode = FALSE
	EndGlobalSection
	GlobalSection(ExtensibilityGlobals) = postSolution
		SolutionGuid = {56A365DC-C734-4C5C-802F-55E75991E74F}
	EndGlobalSection
EndGlobal
